<?xml version="1.0" encoding="utf-8"?>
<Project ToolsVersion="4.0" xmlns="http://schemas.microsoft.com/developer/msbuild/2003">
  <ItemGroup>
    <ClCompile Include="src\main.cpp">
      <Filter>src</Filter>
    </ClCompile>
    <ClCompile Include="src\animationrenderer.cpp">
      <Filter>src</Filter>
    </ClCompile>
    <ClCompile Include="src\animationsample.cpp">
      <Filter>src</Filter>
    </ClCompile>
    <ClCompile Include="src\animationscene.cpp">
      <Filter>src</Filter>
    </ClCompile>
  </ItemGroup>
  <ItemGroup>
    <ClInclude Include="src\animationrenderer.h">
      <Filter>src</Filter>
    </ClInclude>
    <ClInclude Include="src\animationsample.h">
      <Filter>src</Filter>
    </ClInclude>
    <ClInclude Include="src\animationscene.h">
      <Filter>src</Filter>
    </ClInclude>
  </ItemGroup>
  <ItemGroup>
    <Filter Include="src">
      <UniqueIdentifier>{36abb239-1e37-4eb6-957d-2eb2c94ce520}</UniqueIdentifier>
    </Filter>
  </ItemGroup>
</Project>