<?xml version="1.0" encoding="utf-8"?>
<Project ToolsVersion="4.0" xmlns="http://schemas.microsoft.com/developer/msbuild/2003">
  <ItemGroup>
    <Filter Include="Source Files">
      <UniqueIdentifier>{4FC737F1-C7A5-4376-A066-2A32D752A2FF}</UniqueIdentifier>
      <Extensions>cpp;c;cc;cxx;def;odl;idl;hpj;bat;asm;asmx</Extensions>
    </Filter>
    <Filter Include="Header Files">
      <UniqueIdentifier>{93995380-89BD-4b04-88EB-625FBE52EBFB}</UniqueIdentifier>
      <Extensions>h;hh;hpp;hxx;hm;inl;inc;xsd</Extensions>
    </Filter>
    <Filter Include="Resource Files">
      <UniqueIdentifier>{67DA6AB6-F800-4c08-8B7A-83BB121AAD01}</UniqueIdentifier>
      <Extensions>rc;ico;cur;bmp;dlg;rc2;rct;bin;rgs;gif;jpg;jpeg;jpe;resx;tiff;tif;png;wav;mfcribbon-ms</Extensions>
    </Filter>
    <Filter Include="core">
      <UniqueIdentifier>{b149c66f-6e6f-467a-a220-d10f0bf9e96d}</UniqueIdentifier>
    </Filter>
    <Filter Include="engine">
      <UniqueIdentifier>{082f46e2-f4a5-495a-8e89-ca00345927a8}</UniqueIdentifier>
    </Filter>
    <Filter Include="src">
      <UniqueIdentifier>{6dd6dadf-a322-48cd-8e1d-6e1803a44fec}</UniqueIdentifier>
    </Filter>
    <Filter Include="src\Animation">
      <UniqueIdentifier>{03ec5070-416a-4b82-8afb-5e4b4e1d9fd4}</UniqueIdentifier>
    </Filter>
    <Filter Include="src\Node">
      <UniqueIdentifier>{01408d54-e896-4ad1-bd6b-4011523edef5}</UniqueIdentifier>
    </Filter>
    <Filter Include="src\Fbx">
      <UniqueIdentifier>{99f42c97-d1f9-43ba-958d-dca15719fe6e}</UniqueIdentifier>
    </Filter>
    <Filter Include="src\Model">
      <UniqueIdentifier>{c3ee0fcf-d07e-4234-b3b5-619835cc2e36}</UniqueIdentifier>
    </Filter>
    <Filter Include="imgui">
      <UniqueIdentifier>{fa52f21a-0554-4747-9d6b-7fdc5969970b}</UniqueIdentifier>
    </Filter>
    <Filter Include="src\Handler">
      <UniqueIdentifier>{34f07378-7755-4ea0-b4a2-6cd9e00ada3d}</UniqueIdentifier>
    </Filter>
  </ItemGroup>
  <ItemGroup>
    <ClInclude Include="..\include\GLEngine\shadertool.h">
      <Filter>engine</Filter>
    </ClInclude>
    <ClInclude Include="..\include\GLEngine\texturetool.h">
      <Filter>engine</Filter>
    </ClInclude>
    <ClInclude Include="..\include\GLEngine\util.h">
      <Filter>engine</Filter>
    </ClInclude>
    <ClInclude Include="..\include\GLEngine\camera.h">
      <Filter>engine</Filter>
    </ClInclude>
    <ClInclude Include="..\include\GLEngine\log.h">
      <Filter>engine</Filter>
    </ClInclude>
    <ClInclude Include="..\include\GLEngine\renderer.h">
      <Filter>engine</Filter>
    </ClInclude>
    <ClInclude Include="src\bonenode.h">
      <Filter>src\Node</Filter>
    </ClInclude>
    <ClInclude Include="src\meshnode.h">
      <Filter>src\Node</Filter>
    </ClInclude>
    <ClInclude Include="src\node.h">
      <Filter>src\Node</Filter>
    </ClInclude>
    <ClInclude Include="src\nodetree.h">
      <Filter>src\Node</Filter>
    </ClInclude>
    <ClInclude Include="src\track.h">
      <Filter>src\Animation</Filter>
    </ClInclude>
    <ClInclude Include="src\fbxdevice.h">
      <Filter>src\Fbx</Filter>
    </ClInclude>
    <ClInclude Include="src\fbxcore.h">
      <Filter>src\Fbx</Filter>
    </ClInclude>
    <ClInclude Include="src\skinmesh.h">
      <Filter>src\Model</Filter>
    </ClInclude>
    <ClInclude Include="src\ubo.h">
      <Filter>src\Model</Filter>
    </ClInclude>
    <ClInclude Include="src\face.h">
      <Filter>src\Model</Filter>
    </ClInclude>
    <ClInclude Include="src\animsample.h">
      <Filter>src\Animation</Filter>
    </ClInclude>
    <ClInclude Include="src\animhandle.h">
      <Filter>src\Animation</Filter>
    </ClInclude>
    <ClInclude Include="src\animmodel.h">
      <Filter>src\Animation</Filter>
    </ClInclude>
    <ClInclude Include="src\animlayer.h">
      <Filter>src\Animation</Filter>
    </ClInclude>
    <ClInclude Include="src\point.h">
      <Filter>src\Model</Filter>
    </ClInclude>
    <ClInclude Include="..\include\imgui\stb_rect_pack.h">
      <Filter>imgui</Filter>
    </ClInclude>
    <ClInclude Include="..\include\imgui\stb_textedit.h">
      <Filter>imgui</Filter>
    </ClInclude>
    <ClInclude Include="..\include\imgui\stb_truetype.h">
      <Filter>imgui</Filter>
    </ClInclude>
    <ClInclude Include="..\include\imgui\imconfig.h">
      <Filter>imgui</Filter>
    </ClInclude>
    <ClInclude Include="..\include\imgui\imgui.h">
      <Filter>imgui</Filter>
    </ClInclude>
    <ClInclude Include="..\include\imgui\imgui_internal.h">
      <Filter>imgui</Filter>
    </ClInclude>
    <ClInclude Include="src\gui.h">
      <Filter>src</Filter>
    </ClInclude>
    <ClInclude Include="..\include\imgui\imgui_impl_sdl_gl3.h">
      <Filter>imgui</Filter>
    </ClInclude>
    <ClInclude Include="..\include\core\vec2f.h">
      <Filter>core</Filter>
    </ClInclude>
    <ClInclude Include="..\include\core\vec3f.h">
      <Filter>core</Filter>
    </ClInclude>
    <ClInclude Include="..\include\core\vec4f.h">
      <Filter>core</Filter>
    </ClInclude>
    <ClInclude Include="..\include\core\vml.h">
      <Filter>core</Filter>
    </ClInclude>
    <ClInclude Include="..\include\core\color.h">
      <Filter>core</Filter>
    </ClInclude>
    <ClInclude Include="..\include\core\matrix4x4.h">
      <Filter>core</Filter>
    </ClInclude>
    <ClInclude Include="..\include\core\quaternion.h">
      <Filter>core</Filter>
    </ClInclude>
    <ClInclude Include="src\keyhandler.h">
      <Filter>src\Handler</Filter>
    </ClInclude>
    <ClInclude Include="src\animkey.h">
      <Filter>src\Animation</Filter>
    </ClInclude>
    <ClInclude Include="src\config.h">
      <Filter>src\Model</Filter>
    </ClInclude>
    <ClInclude Include="src\eventhandler.h">
      <Filter>src\Handler</Filter>
    </ClInclude>
  </ItemGroup>
  <ItemGroup>
    <ClCompile Include="src\main.cpp">
      <Filter>src</Filter>
    </ClCompile>
    <ClCompile Include="src\bonenode.cpp">
      <Filter>src\Node</Filter>
    </ClCompile>
    <ClCompile Include="src\meshnode.cpp">
      <Filter>src\Node</Filter>
    </ClCompile>
    <ClCompile Include="src\node.cpp">
      <Filter>src\Node</Filter>
    </ClCompile>
    <ClCompile Include="src\fbxdevice.cpp">
      <Filter>src\Fbx</Filter>
    </ClCompile>
    <ClCompile Include="src\fbxcore.cpp">
      <Filter>src\Fbx</Filter>
    </ClCompile>
    <ClCompile Include="src\skinmesh.cpp">
      <Filter>src\Model</Filter>
    </ClCompile>
    <ClCompile Include="src\animhandle.cpp">
      <Filter>src\Animation</Filter>
    </ClCompile>
    <ClCompile Include="src\animmodel.cpp">
      <Filter>src\Animation</Filter>
    </ClCompile>
    <ClCompile Include="src\animlayer.cpp">
      <Filter>src\Animation</Filter>
    </ClCompile>
    <ClCompile Include="..\include\imgui\imgui.cpp">
      <Filter>imgui</Filter>
    </ClCompile>
    <ClCompile Include="..\include\imgui\imgui_demo.cpp">
      <Filter>imgui</Filter>
    </ClCompile>
    <ClCompile Include="..\include\imgui\imgui_draw.cpp">
      <Filter>imgui</Filter>
    </ClCompile>
    <ClCompile Include="src\gui.cpp">
      <Filter>src</Filter>
    </ClCompile>
    <ClCompile Include="..\include\imgui\imgui_impl_sdl_gl3.cpp">
      <Filter>imgui</Filter>
    </ClCompile>
    <ClCompile Include="src\keyhandler.cpp">
      <Filter>src\Handler</Filter>
    </ClCompile>
    <ClCompile Include="src\eventhandler.cpp">
      <Filter>src\Handler</Filter>
    </ClCompile>
  </ItemGroup>
</Project>